
Microsoft Visual Studio Solution File, Format Version 12.00
# Visual Studio Version 17
VisualStudioVersion = 17.11.35312.102
MinimumVisualStudioVersion = 10.0.40219.1
Project("{FAE04EC0-301F-11D3-BF4B-00C04F79EFBC}") = "WebAPI", "WebAPI\WebAPI.csproj", "{D6198626-4736-4C0D-B4E3-FBD6358F02D0}"
EndProject
Project("{FAE04EC0-301F-11D3-BF4B-00C04F79EFBC}") = "CilibiaMalinaLab11", "CilibiaMalinaLab11\CilibiaMalinaLab11.csproj", "{BF5EE630-AA0A-4509-88BC-0E92A7A77E86}"
EndProject
Global
	GlobalSection(SolutionConfigurationPlatforms) = preSolution
		Debug|Any CPU = Debug|Any CPU
		Release|Any CPU = Release|Any CPU
	EndGlobalSection
	GlobalSection(ProjectConfigurationPlatforms) = postSolution
		{D6198626-4736-4C0D-B4E3-FBD6358F02D0}.Debug|Any CPU.ActiveCfg = Debug|Any CPU
		{D6198626-4736-4C0D-B4E3-FBD6358F02D0}.Debug|Any CPU.Build.0 = Debug|Any CPU
		{D6198626-4736-4C0D-B4E3-FBD6358F02D0}.Release|Any CPU.ActiveCfg = Release|Any CPU
		{D6198626-4736-4C0D-B4E3-FBD6358F02D0}.Release|Any CPU.Build.0 = Release|Any CPU
		{BF5EE630-AA0A-4509-88BC-0E92A7A77E86}.Debug|Any CPU.ActiveCfg = Debug|Any CPU
		{BF5EE630-AA0A-4509-88BC-0E92A7A77E86}.Debug|Any CPU.Build.0 = Debug|Any CPU
		{BF5EE630-AA0A-4509-88BC-0E92A7A77E86}.Debug|Any CPU.Deploy.0 = Debug|Any CPU
		{BF5EE630-AA0A-4509-88BC-0E92A7A77E86}.Release|Any CPU.ActiveCfg = Release|Any CPU
		{BF5EE630-AA0A-4509-88BC-0E92A7A77E86}.Release|Any CPU.Build.0 = Release|Any CPU
		{BF5EE630-AA0A-4509-88BC-0E92A7A77E86}.Release|Any CPU.Deploy.0 = Release|Any CPU
	EndGlobalSection
	GlobalSection(SolutionProperties) = preSolution
		HideSolutionNode = FALSE
	EndGlobalSection
	GlobalSection(ExtensibilityGlobals) = postSolution
		SolutionGuid = {C097DC51-4F57-4430-99D6-04D3C513F64C}
	EndGlobalSection
EndGlobal
